
Microsoft Visual Studio Solution File, Format Version 12.00
# Visual Studio 15
VisualStudioVersion = 15.0.28307.960
MinimumVisualStudioVersion = 10.0.40219.1
Project("{FAE04EC0-301F-11D3-BF4B-00C04F79EFBC}") = "Game", "Game.csproj", "{EEE33920-E274-457E-BE9C-1DB1E72A579C}"
EndProject
Project("{FAE04EC0-301F-11D3-BF4B-00C04F79EFBC}") = "Engine", "..\Engine\Engine.csproj", "{7E65CE05-81C6-4ABE-84AD-983CC4C5085B}"
EndProject
Global
	GlobalSection(SolutionConfigurationPlatforms) = preSolution
		Debug|Any CPU = Debug|Any CPU
		Release|Any CPU = Release|Any CPU
	EndGlobalSection
	GlobalSection(ProjectConfigurationPlatforms) = postSolution
		{EEE33920-E274-457E-BE9C-1DB1E72A579C}.Debug|Any CPU.ActiveCfg = Debug|Any CPU
		{EEE33920-E274-457E-BE9C-1DB1E72A579C}.Debug|Any CPU.Build.0 = Debug|Any CPU
		{EEE33920-E274-457E-BE9C-1DB1E72A579C}.Release|Any CPU.ActiveCfg = Release|Any CPU
		{EEE33920-E274-457E-BE9C-1DB1E72A579C}.Release|Any CPU.Build.0 = Release|Any CPU
		{7E65CE05-81C6-4ABE-84AD-983CC4C5085B}.Debug|Any CPU.ActiveCfg = Debug|Any CPU
		{7E65CE05-81C6-4ABE-84AD-983CC4C5085B}.Debug|Any CPU.Build.0 = Debug|Any CPU
		{7E65CE05-81C6-4ABE-84AD-983CC4C5085B}.Release|Any CPU.ActiveCfg = Release|Any CPU
		{7E65CE05-81C6-4ABE-84AD-983CC4C5085B}.Release|Any CPU.Build.0 = Release|Any CPU
	EndGlobalSection
	GlobalSection(SolutionProperties) = preSolution
		HideSolutionNode = FALSE
	EndGlobalSection
	GlobalSection(ExtensibilityGlobals) = postSolution
		SolutionGuid = {67DF9B25-0B74-47D9-9E1C-3307E6BAA33B}
	EndGlobalSection
EndGlobal
